# THIS IS AN AUTOGENERATED FILE. DO NOT EDIT THIS FILE DIRECTLY.
# yarn lockfile v1


"@types/aws-lambda@^8.10.92":
  version "8.10.112"
  resolved "https://registry.yarnpkg.com/@types/aws-lambda/-/aws-lambda-8.10.112.tgz#87bb324373ce0a8fd23ea4db44f9a80322f37ac1"
  integrity sha512-1auQeFhclqU93Tb5kzk/0KaMIqkehwQpYz9a1H8AFZl7quihPh0mJTqNrxJIzIFM6R7rmUNDIU5hdBB9iDES6A==
